<?xml version="1.0" encoding="utf-8"?>
<Project ToolsVersion="4.0" xmlns="http://schemas.microsoft.com/developer/msbuild/2003">
  <ItemGroup>
    <Filter Include="SourceFiles">
      <UniqueIdentifier>{4FC737F1-C7A5-4376-A066-2A32D752A2FF}</UniqueIdentifier>
      <Extensions>cpp;c;cc;cxx;c++;cppm;ixx;def;odl;idl;hpj;bat;asm;asmx</Extensions>
    </Filter>
  </ItemGroup>
  <ItemGroup>
    <ClCompile Include="Main.cpp">
      <Filter>SourceFiles</Filter>
    </ClCompile>
    <ClCompile Include="Vec2Test.cpp">
      <Filter>SourceFiles</Filter>
    </ClCompile>
    <ClCompile Include="MathTest.cpp">
      <Filter>SourceFiles</Filter>
    </ClCompile>
    <ClCompile Include="Vec3Test.cpp">
      <Filter>SourceFiles</Filter>
    </ClCompile>
    <ClCompile Include="Mat3Test.cpp">
      <Filter>SourceFiles</Filter>
    </ClCompile>
    <ClCompile Include="Mat4Test.cpp">
      <Filter>SourceFiles</Filter>
    </ClCompile>
    <ClCompile Include="QuatTest.cpp">
      <Filter>SourceFiles</Filter>
    </ClCompile>
    <ClCompile Include="RandomTest.cpp">
      <Filter>SourceFiles</Filter>
    </ClCompile>
  </ItemGroup>
</Project>