<?xml version="1.0" encoding="utf-8"?>
<Project ToolsVersion="4.0" xmlns="http://schemas.microsoft.com/developer/msbuild/2003">
  <ItemGroup>
    <Filter Include="shaders">
      <UniqueIdentifier>{f157c5a3-41ea-4a49-91df-080507d66592}</UniqueIdentifier>
    </Filter>
    <Filter Include="code">
      <UniqueIdentifier>{93995380-89BD-4b04-88EB-625FBE52EBFB}</UniqueIdentifier>
      <Extensions>h;hh;hpp;hxx;h++;hm;inl;inc;ipp;xsd</Extensions>
    </Filter>
  </ItemGroup>
  <ItemGroup>
    <ClInclude Include="visualizer.h">
      <Filter>code</Filter>
    </ClInclude>
    <ClInclude Include="circle_component.h">
      <Filter>code</Filter>
    </ClInclude>
    <ClInclude Include="component.h">
      <Filter>code</Filter>
    </ClInclude>
    <ClInclude Include="entity.h">
      <Filter>code</Filter>
    </ClInclude>
    <ClInclude Include="input_component.h">
      <Filter>code</Filter>
    </ClInclude>
    <ClInclude Include="matrix.h">
      <Filter>code</Filter>
    </ClInclude>
    <ClInclude Include="matrix3.h">
      <Filter>code</Filter>
    </ClInclude>
    <ClInclude Include="matrix4.h">
      <Filter>code</Filter>
    </ClInclude>
    <ClInclude Include="math.h">
      <Filter>code</Filter>
    </ClInclude>
    <ClInclude Include="move_component.h">
      <Filter>code</Filter>
    </ClInclude>
    <ClInclude Include="quaternion.h">
      <Filter>code</Filter>
    </ClInclude>
    <ClInclude Include="random.h">
      <Filter>code</Filter>
    </ClInclude>
    <ClInclude Include="shader.h">
      <Filter>code</Filter>
    </ClInclude>
    <ClInclude Include="sprite_component.h">
      <Filter>code</Filter>
    </ClInclude>
    <ClInclude Include="texture.h">
      <Filter>code</Filter>
    </ClInclude>
    <ClInclude Include="vector.h">
      <Filter>code</Filter>
    </ClInclude>
    <ClInclude Include="vector2.h">
      <Filter>code</Filter>
    </ClInclude>
    <ClInclude Include="vector3.h">
      <Filter>code</Filter>
    </ClInclude>
    <ClInclude Include="vector4.h">
      <Filter>code</Filter>
    </ClInclude>
    <ClInclude Include="vertex_array.h">
      <Filter>code</Filter>
    </ClInclude>
    <ClInclude Include="search.h">
      <Filter>code</Filter>
    </ClInclude>
    <ClInclude Include="camera_entity.h">
      <Filter>code</Filter>
    </ClInclude>
    <ClInclude Include="renderer.h">
      <Filter>code</Filter>
    </ClInclude>
    <ClInclude Include="mesh.h">
      <Filter>code</Filter>
    </ClInclude>
    <ClInclude Include="mesh_component.h">
      <Filter>code</Filter>
    </ClInclude>
    <ClInclude Include="plane_entity.h">
      <Filter>code</Filter>
    </ClInclude>
  </ItemGroup>
  <ItemGroup>
    <ClCompile Include="visualizer.cpp">
      <Filter>code</Filter>
    </ClCompile>
    <ClCompile Include="camera_entity.cpp">
      <Filter>code</Filter>
    </ClCompile>
    <ClCompile Include="circle_component.cpp">
      <Filter>code</Filter>
    </ClCompile>
    <ClCompile Include="component.cpp">
      <Filter>code</Filter>
    </ClCompile>
    <ClCompile Include="entity.cpp">
      <Filter>code</Filter>
    </ClCompile>
    <ClCompile Include="input_component.cpp">
      <Filter>code</Filter>
    </ClCompile>
    <ClCompile Include="main.cpp">
      <Filter>code</Filter>
    </ClCompile>
    <ClCompile Include="mesh.cpp">
      <Filter>code</Filter>
    </ClCompile>
    <ClCompile Include="mesh_component.cpp">
      <Filter>code</Filter>
    </ClCompile>
    <ClCompile Include="move_component.cpp">
      <Filter>code</Filter>
    </ClCompile>
    <ClCompile Include="plane_entity.cpp">
      <Filter>code</Filter>
    </ClCompile>
    <ClCompile Include="renderer.cpp">
      <Filter>code</Filter>
    </ClCompile>
    <ClCompile Include="search.cpp">
      <Filter>code</Filter>
    </ClCompile>
    <ClCompile Include="shader.cpp">
      <Filter>code</Filter>
    </ClCompile>
    <ClCompile Include="sprite_component.cpp">
      <Filter>code</Filter>
    </ClCompile>
    <ClCompile Include="texture.cpp">
      <Filter>code</Filter>
    </ClCompile>
    <ClCompile Include="vertex_array.cpp">
      <Filter>code</Filter>
    </ClCompile>
  </ItemGroup>
  <ItemGroup>
    <None Include="shaders\basic_mesh.frag">
      <Filter>shaders</Filter>
    </None>
    <None Include="shaders\basic_mesh.vert">
      <Filter>shaders</Filter>
    </None>
    <None Include="shaders\phong.frag">
      <Filter>shaders</Filter>
    </None>
    <None Include="shaders\phong.vert">
      <Filter>shaders</Filter>
    </None>
    <None Include="shaders\sprite.frag">
      <Filter>shaders</Filter>
    </None>
    <None Include="shaders\sprite.vert">
      <Filter>shaders</Filter>
    </None>
  </ItemGroup>
</Project>